// !$*UTF8*$!
{
	archiveVersion = 1;
	classes = {
	};
	objectVersion = 56;
	objects = {

/* Begin PBXBuildFile section */
		4462C33A2C3E87B400A31D77 /* AddDishView.swift in Sources */ = {isa = PBXBuildFile; fileRef = 4462C3392C3E87B400A31D77 /* AddDishView.swift */; };
		4462C34E2C3E937100A31D77 /* ProfileView.swift in Sources */ = {isa = PBXBuildFile; fileRef = 4462C34B2C3E920100A31D77 /* ProfileView.swift */; };
		4462C34F2C3E937500A31D77 /* ImagePicker.swift in Sources */ = {isa = PBXBuildFile; fileRef = 4462C34C2C3E920100A31D77 /* ImagePicker.swift */; };
		4462C3512C3E987800A31D77 /* AddDishElement.swift in Sources */ = {isa = PBXBuildFile; fileRef = 4462C3502C3E987800A31D77 /* AddDishElement.swift */; };
		44CD996A2C3A78D1009C4C4B /* CachedAsyncImage.swift in Sources */ = {isa = PBXBuildFile; fileRef = 44CD99692C3A78D1009C4C4B /* CachedAsyncImage.swift */; };
		44CD996C2C3CF4AE009C4C4B /* DishLightModel.swift in Sources */ = {isa = PBXBuildFile; fileRef = 44CD996B2C3CF4AE009C4C4B /* DishLightModel.swift */; };
		44CD996F2C3D000C009C4C4B /* SwiftyJSON in Frameworks */ = {isa = PBXBuildFile; productRef = 44CD996E2C3D000C009C4C4B /* SwiftyJSON */; };
		44CD99712C3D5E56009C4C4B /* CuisineListView.swift in Sources */ = {isa = PBXBuildFile; fileRef = 44CD99702C3D5E56009C4C4B /* CuisineListView.swift */; };
		44CD99732C3D66CE009C4C4B /* CuisineAllListView.swift in Sources */ = {isa = PBXBuildFile; fileRef = 44CD99722C3D66CE009C4C4B /* CuisineAllListView.swift */; };
		44E00E4F2C357D39003DA7EB /* MainView.swift in Sources */ = {isa = PBXBuildFile; fileRef = 44E00E4E2C357D39003DA7EB /* MainView.swift */; };
		44E00E5B2C368B57003DA7EB /* FavoriteElement.swift in Sources */ = {isa = PBXBuildFile; fileRef = 44E00E5A2C368B57003DA7EB /* FavoriteElement.swift */; };
		44E00E5D2C368B66003DA7EB /* RatingElement.swift in Sources */ = {isa = PBXBuildFile; fileRef = 44E00E5C2C368B66003DA7EB /* RatingElement.swift */; };
		44E00E5F2C368B7D003DA7EB /* TrendingDishElement.swift in Sources */ = {isa = PBXBuildFile; fileRef = 44E00E5E2C368B7D003DA7EB /* TrendingDishElement.swift */; };
		44E00E612C368B96003DA7EB /* CategoryDishElement.swift in Sources */ = {isa = PBXBuildFile; fileRef = 44E00E602C368B96003DA7EB /* CategoryDishElement.swift */; };
		44E00E632C368BDD003DA7EB /* UserDefaultsService.swift in Sources */ = {isa = PBXBuildFile; fileRef = 44E00E622C368BDD003DA7EB /* UserDefaultsService.swift */; };
		44E00E652C36F34A003DA7EB /* RecentDishElement.swift in Sources */ = {isa = PBXBuildFile; fileRef = 44E00E642C36F34A003DA7EB /* RecentDishElement.swift */; };
		64B5466A2C39595B00F959C3 /* StartView.swift in Sources */ = {isa = PBXBuildFile; fileRef = 64B546692C39595B00F959C3 /* StartView.swift */; };
		7A5923AC2C3BD7ED00DA0CEF /* FavoriteButton.swift in Sources */ = {isa = PBXBuildFile; fileRef = 7A5923AB2C3BD7ED00DA0CEF /* FavoriteButton.swift */; };
		7AB0857C2C343AE800FEF512 /* RecipeDetails.swift in Sources */ = {isa = PBXBuildFile; fileRef = 7AB0857B2C343AE800FEF512 /* RecipeDetails.swift */; };
		7AE5DF4E2C37BFF60085D36A /* IngridientComponentView.swift in Sources */ = {isa = PBXBuildFile; fileRef = 7AE5DF4D2C37BFF60085D36A /* IngridientComponentView.swift */; };
		920A251A2C319602004CAA1A /* BestRecipesApp.swift in Sources */ = {isa = PBXBuildFile; fileRef = 920A25192C319602004CAA1A /* BestRecipesApp.swift */; };
		920A251C2C319602004CAA1A /* Onboarding.swift in Sources */ = {isa = PBXBuildFile; fileRef = 920A251B2C319602004CAA1A /* Onboarding.swift */; };
		920A251E2C319603004CAA1A /* Assets.xcassets in Resources */ = {isa = PBXBuildFile; fileRef = 920A251D2C319603004CAA1A /* Assets.xcassets */; };
		920A25212C319603004CAA1A /* Preview Assets.xcassets in Resources */ = {isa = PBXBuildFile; fileRef = 920A25202C319603004CAA1A /* Preview Assets.xcassets */; };
		92117AA62C32D59C0010C7B3 /* TabBarView.swift in Sources */ = {isa = PBXBuildFile; fileRef = 92117AA52C32D59C0010C7B3 /* TabBarView.swift */; };
		92117AA82C32D5D30010C7B3 /* HomeView.swift in Sources */ = {isa = PBXBuildFile; fileRef = 92117AA72C32D5D30010C7B3 /* HomeView.swift */; };
		92117AAA2C32D6500010C7B3 /* FavoriteRecipesView.swift in Sources */ = {isa = PBXBuildFile; fileRef = 92117AA92C32D6500010C7B3 /* FavoriteRecipesView.swift */; };
		92117AAC2C32D6E70010C7B3 /* RecipeDetailView.swift in Sources */ = {isa = PBXBuildFile; fileRef = 92117AAB2C32D6E70010C7B3 /* RecipeDetailView.swift */; };
		92117AAE2C32D6FC0010C7B3 /* DishesListView.swift in Sources */ = {isa = PBXBuildFile; fileRef = 92117AAD2C32D6FC0010C7B3 /* DishesListView.swift */; };
		92117AB02C32D7D90010C7B3 /* ModelData.swift in Sources */ = {isa = PBXBuildFile; fileRef = 92117AAF2C32D7D90010C7B3 /* ModelData.swift */; };
		92117AB22C32D7F80010C7B3 /* DishBigModel.swift in Sources */ = {isa = PBXBuildFile; fileRef = 92117AB12C32D7F80010C7B3 /* DishBigModel.swift */; };
		92117AB42C32D8140010C7B3 /* DishSmallModel.swift in Sources */ = {isa = PBXBuildFile; fileRef = 92117AB32C32D8140010C7B3 /* DishSmallModel.swift */; };
		92117AB62C32D8260010C7B3 /* TextData.swift in Sources */ = {isa = PBXBuildFile; fileRef = 92117AB52C32D8260010C7B3 /* TextData.swift */; };
		92117AB82C32D8460010C7B3 /* NetworkServiceAA.swift in Sources */ = {isa = PBXBuildFile; fileRef = 92117AB72C32D8460010C7B3 /* NetworkServiceAA.swift */; };
		92117ABA2C32D8680010C7B3 /* URLManager.swift in Sources */ = {isa = PBXBuildFile; fileRef = 92117AB92C32D8680010C7B3 /* URLManager.swift */; };
		92117ABC2C32ECE10010C7B3 /* TestView.swift in Sources */ = {isa = PBXBuildFile; fileRef = 92117ABB2C32ECE10010C7B3 /* TestView.swift */; };
		922258B22C370A650009A768 /* SearchDishElement.swift in Sources */ = {isa = PBXBuildFile; fileRef = 922258B12C370A650009A768 /* SearchDishElement.swift */; };
		922258B52C370ACC0009A768 /* SearchView.swift in Sources */ = {isa = PBXBuildFile; fileRef = 922258B42C370ACC0009A768 /* SearchView.swift */; };
		926E9BDB2C37E2E80060DEB7 /* UIApplication.swift in Sources */ = {isa = PBXBuildFile; fileRef = 926E9BDA2C37E2E80060DEB7 /* UIApplication.swift */; };
		92BDAEC72C3C0C9D00220902 /* BackButtonView.swift in Sources */ = {isa = PBXBuildFile; fileRef = 92BDAEC62C3C0C9D00220902 /* BackButtonView.swift */; };
		92EA88A12C31CDB300FD3423 /* Poppins-Light.ttf in Resources */ = {isa = PBXBuildFile; fileRef = 92EA889A2C31CDB300FD3423 /* Poppins-Light.ttf */; };
		92EA88A22C31CDB300FD3423 /* Poppins-Medium.ttf in Resources */ = {isa = PBXBuildFile; fileRef = 92EA889B2C31CDB300FD3423 /* Poppins-Medium.ttf */; };
		92EA88A32C31CDB300FD3423 /* Poppins-ExtraBold.ttf in Resources */ = {isa = PBXBuildFile; fileRef = 92EA889C2C31CDB300FD3423 /* Poppins-ExtraBold.ttf */; };
		92EA88A42C31CDB300FD3423 /* Poppins-Regular.ttf in Resources */ = {isa = PBXBuildFile; fileRef = 92EA889D2C31CDB300FD3423 /* Poppins-Regular.ttf */; };
		92EA88A52C31CDB300FD3423 /* Poppins-Bold.ttf in Resources */ = {isa = PBXBuildFile; fileRef = 92EA889E2C31CDB300FD3423 /* Poppins-Bold.ttf */; };
		92EA88A62C31CDB300FD3423 /* Poppins-Black.ttf in Resources */ = {isa = PBXBuildFile; fileRef = 92EA889F2C31CDB300FD3423 /* Poppins-Black.ttf */; };
		92EA88A72C31CDB300FD3423 /* Poppins-SemiBold.ttf in Resources */ = {isa = PBXBuildFile; fileRef = 92EA88A02C31CDB300FD3423 /* Poppins-SemiBold.ttf */; };
		92EA88AB2C31CE7D00FD3423 /* Fonts.swift in Sources */ = {isa = PBXBuildFile; fileRef = 92EA88AA2C31CE7D00FD3423 /* Fonts.swift */; };
		92EA88AD2C31D5F600FD3423 /* Color+Ext.swift in Sources */ = {isa = PBXBuildFile; fileRef = 92EA88AC2C31D5F600FD3423 /* Color+Ext.swift */; };
/* End PBXBuildFile section */

/* Begin PBXFileReference section */
		4462C3392C3E87B400A31D77 /* AddDishView.swift */ = {isa = PBXFileReference; lastKnownFileType = sourcecode.swift; path = AddDishView.swift; sourceTree = "<group>"; };
		4462C34B2C3E920100A31D77 /* ProfileView.swift */ = {isa = PBXFileReference; lastKnownFileType = sourcecode.swift; path = ProfileView.swift; sourceTree = "<group>"; };
		4462C34C2C3E920100A31D77 /* ImagePicker.swift */ = {isa = PBXFileReference; lastKnownFileType = sourcecode.swift; path = ImagePicker.swift; sourceTree = "<group>"; };
		4462C3502C3E987800A31D77 /* AddDishElement.swift */ = {isa = PBXFileReference; lastKnownFileType = sourcecode.swift; path = AddDishElement.swift; sourceTree = "<group>"; };
		44CD99692C3A78D1009C4C4B /* CachedAsyncImage.swift */ = {isa = PBXFileReference; lastKnownFileType = sourcecode.swift; path = CachedAsyncImage.swift; sourceTree = "<group>"; };
		44CD996B2C3CF4AE009C4C4B /* DishLightModel.swift */ = {isa = PBXFileReference; lastKnownFileType = sourcecode.swift; path = DishLightModel.swift; sourceTree = "<group>"; };
		44CD99702C3D5E56009C4C4B /* CuisineListView.swift */ = {isa = PBXFileReference; lastKnownFileType = sourcecode.swift; path = CuisineListView.swift; sourceTree = "<group>"; };
		44CD99722C3D66CE009C4C4B /* CuisineAllListView.swift */ = {isa = PBXFileReference; lastKnownFileType = sourcecode.swift; path = CuisineAllListView.swift; sourceTree = "<group>"; };
		44E00E4E2C357D39003DA7EB /* MainView.swift */ = {isa = PBXFileReference; lastKnownFileType = sourcecode.swift; path = MainView.swift; sourceTree = "<group>"; };
		44E00E5A2C368B57003DA7EB /* FavoriteElement.swift */ = {isa = PBXFileReference; lastKnownFileType = sourcecode.swift; path = FavoriteElement.swift; sourceTree = "<group>"; };
		44E00E5C2C368B66003DA7EB /* RatingElement.swift */ = {isa = PBXFileReference; lastKnownFileType = sourcecode.swift; path = RatingElement.swift; sourceTree = "<group>"; };
		44E00E5E2C368B7D003DA7EB /* TrendingDishElement.swift */ = {isa = PBXFileReference; lastKnownFileType = sourcecode.swift; path = TrendingDishElement.swift; sourceTree = "<group>"; };
		44E00E602C368B96003DA7EB /* CategoryDishElement.swift */ = {isa = PBXFileReference; lastKnownFileType = sourcecode.swift; path = CategoryDishElement.swift; sourceTree = "<group>"; };
		44E00E622C368BDD003DA7EB /* UserDefaultsService.swift */ = {isa = PBXFileReference; lastKnownFileType = sourcecode.swift; path = UserDefaultsService.swift; sourceTree = "<group>"; };
		44E00E642C36F34A003DA7EB /* RecentDishElement.swift */ = {isa = PBXFileReference; lastKnownFileType = sourcecode.swift; path = RecentDishElement.swift; sourceTree = "<group>"; };
		64B546692C39595B00F959C3 /* StartView.swift */ = {isa = PBXFileReference; lastKnownFileType = sourcecode.swift; path = StartView.swift; sourceTree = "<group>"; };
		7A5923AB2C3BD7ED00DA0CEF /* FavoriteButton.swift */ = {isa = PBXFileReference; lastKnownFileType = sourcecode.swift; path = FavoriteButton.swift; sourceTree = "<group>"; };
		7AB0857B2C343AE800FEF512 /* RecipeDetails.swift */ = {isa = PBXFileReference; lastKnownFileType = sourcecode.swift; path = RecipeDetails.swift; sourceTree = "<group>"; };
		7AE5DF4D2C37BFF60085D36A /* IngridientComponentView.swift */ = {isa = PBXFileReference; lastKnownFileType = sourcecode.swift; path = IngridientComponentView.swift; sourceTree = "<group>"; };
		920A25162C319602004CAA1A /* BestRecipes.app */ = {isa = PBXFileReference; explicitFileType = wrapper.application; includeInIndex = 0; path = BestRecipes.app; sourceTree = BUILT_PRODUCTS_DIR; };
		920A25192C319602004CAA1A /* BestRecipesApp.swift */ = {isa = PBXFileReference; lastKnownFileType = sourcecode.swift; path = BestRecipesApp.swift; sourceTree = "<group>"; };
		920A251B2C319602004CAA1A /* Onboarding.swift */ = {isa = PBXFileReference; lastKnownFileType = sourcecode.swift; path = Onboarding.swift; sourceTree = "<group>"; };
		920A251D2C319603004CAA1A /* Assets.xcassets */ = {isa = PBXFileReference; lastKnownFileType = folder.assetcatalog; path = Assets.xcassets; sourceTree = "<group>"; };
		920A25202C319603004CAA1A /* Preview Assets.xcassets */ = {isa = PBXFileReference; lastKnownFileType = folder.assetcatalog; path = "Preview Assets.xcassets"; sourceTree = "<group>"; };
		92117AA52C32D59C0010C7B3 /* TabBarView.swift */ = {isa = PBXFileReference; lastKnownFileType = sourcecode.swift; path = TabBarView.swift; sourceTree = "<group>"; };
		92117AA72C32D5D30010C7B3 /* HomeView.swift */ = {isa = PBXFileReference; lastKnownFileType = sourcecode.swift; path = HomeView.swift; sourceTree = "<group>"; };
		92117AA92C32D6500010C7B3 /* FavoriteRecipesView.swift */ = {isa = PBXFileReference; lastKnownFileType = sourcecode.swift; path = FavoriteRecipesView.swift; sourceTree = "<group>"; };
		92117AAB2C32D6E70010C7B3 /* RecipeDetailView.swift */ = {isa = PBXFileReference; lastKnownFileType = sourcecode.swift; path = RecipeDetailView.swift; sourceTree = "<group>"; };
		92117AAD2C32D6FC0010C7B3 /* DishesListView.swift */ = {isa = PBXFileReference; lastKnownFileType = sourcecode.swift; path = DishesListView.swift; sourceTree = "<group>"; };
		92117AAF2C32D7D90010C7B3 /* ModelData.swift */ = {isa = PBXFileReference; lastKnownFileType = sourcecode.swift; path = ModelData.swift; sourceTree = "<group>"; };
		92117AB12C32D7F80010C7B3 /* DishBigModel.swift */ = {isa = PBXFileReference; lastKnownFileType = sourcecode.swift; path = DishBigModel.swift; sourceTree = "<group>"; };
		92117AB32C32D8140010C7B3 /* DishSmallModel.swift */ = {isa = PBXFileReference; lastKnownFileType = sourcecode.swift; path = DishSmallModel.swift; sourceTree = "<group>"; };
		92117AB52C32D8260010C7B3 /* TextData.swift */ = {isa = PBXFileReference; lastKnownFileType = sourcecode.swift; path = TextData.swift; sourceTree = "<group>"; };
		92117AB72C32D8460010C7B3 /* NetworkServiceAA.swift */ = {isa = PBXFileReference; lastKnownFileType = sourcecode.swift; path = NetworkServiceAA.swift; sourceTree = "<group>"; };
		92117AB92C32D8680010C7B3 /* URLManager.swift */ = {isa = PBXFileReference; lastKnownFileType = sourcecode.swift; path = URLManager.swift; sourceTree = "<group>"; };
		92117ABB2C32ECE10010C7B3 /* TestView.swift */ = {isa = PBXFileReference; lastKnownFileType = sourcecode.swift; path = TestView.swift; sourceTree = "<group>"; };
		921B6E8A2C3437B2002E812E /* Info.plist */ = {isa = PBXFileReference; lastKnownFileType = text.plist; path = Info.plist; sourceTree = "<group>"; };
		922258B12C370A650009A768 /* SearchDishElement.swift */ = {isa = PBXFileReference; lastKnownFileType = sourcecode.swift; path = SearchDishElement.swift; sourceTree = "<group>"; };
		922258B42C370ACC0009A768 /* SearchView.swift */ = {isa = PBXFileReference; lastKnownFileType = sourcecode.swift; path = SearchView.swift; sourceTree = "<group>"; };
		926E9BDA2C37E2E80060DEB7 /* UIApplication.swift */ = {isa = PBXFileReference; lastKnownFileType = sourcecode.swift; path = UIApplication.swift; sourceTree = "<group>"; };
		92BDAEC62C3C0C9D00220902 /* BackButtonView.swift */ = {isa = PBXFileReference; lastKnownFileType = sourcecode.swift; path = BackButtonView.swift; sourceTree = "<group>"; };
		92EA889A2C31CDB300FD3423 /* Poppins-Light.ttf */ = {isa = PBXFileReference; lastKnownFileType = file; path = "Poppins-Light.ttf"; sourceTree = "<group>"; };
		92EA889B2C31CDB300FD3423 /* Poppins-Medium.ttf */ = {isa = PBXFileReference; lastKnownFileType = file; path = "Poppins-Medium.ttf"; sourceTree = "<group>"; };
		92EA889C2C31CDB300FD3423 /* Poppins-ExtraBold.ttf */ = {isa = PBXFileReference; lastKnownFileType = file; path = "Poppins-ExtraBold.ttf"; sourceTree = "<group>"; };
		92EA889D2C31CDB300FD3423 /* Poppins-Regular.ttf */ = {isa = PBXFileReference; lastKnownFileType = file; path = "Poppins-Regular.ttf"; sourceTree = "<group>"; };
		92EA889E2C31CDB300FD3423 /* Poppins-Bold.ttf */ = {isa = PBXFileReference; lastKnownFileType = file; path = "Poppins-Bold.ttf"; sourceTree = "<group>"; };
		92EA889F2C31CDB300FD3423 /* Poppins-Black.ttf */ = {isa = PBXFileReference; lastKnownFileType = file; path = "Poppins-Black.ttf"; sourceTree = "<group>"; };
		92EA88A02C31CDB300FD3423 /* Poppins-SemiBold.ttf */ = {isa = PBXFileReference; lastKnownFileType = file; path = "Poppins-SemiBold.ttf"; sourceTree = "<group>"; };
		92EA88AA2C31CE7D00FD3423 /* Fonts.swift */ = {isa = PBXFileReference; lastKnownFileType = sourcecode.swift; path = Fonts.swift; sourceTree = "<group>"; };
		92EA88AC2C31D5F600FD3423 /* Color+Ext.swift */ = {isa = PBXFileReference; lastKnownFileType = sourcecode.swift; path = "Color+Ext.swift"; sourceTree = "<group>"; };
/* End PBXFileReference section */

/* Begin PBXFrameworksBuildPhase section */
		920A25132C319602004CAA1A /* Frameworks */ = {
			isa = PBXFrameworksBuildPhase;
			buildActionMask = 2147483647;
			files = (
				44CD996F2C3D000C009C4C4B /* SwiftyJSON in Frameworks */,
			);
			runOnlyForDeploymentPostprocessing = 0;
		};
/* End PBXFrameworksBuildPhase section */

/* Begin PBXGroup section */
		4462C3382C3E87A000A31D77 /* AddDishView */ = {
			isa = PBXGroup;
			children = (
				4462C3392C3E87B400A31D77 /* AddDishView.swift */,
				4462C3502C3E987800A31D77 /* AddDishElement.swift */,
			);
			path = AddDishView;
			sourceTree = "<group>";
		};
		4462C34A2C3E920100A31D77 /* ProfileView */ = {
			isa = PBXGroup;
			children = (
				4462C34B2C3E920100A31D77 /* ProfileView.swift */,
				4462C34C2C3E920100A31D77 /* ImagePicker.swift */,
			);
			path = ProfileView;
			sourceTree = "<group>";
		};
		44E00E592C368B3E003DA7EB /* Elements */ = {
			isa = PBXGroup;
			children = (
				44E00E5A2C368B57003DA7EB /* FavoriteElement.swift */,
				44E00E5C2C368B66003DA7EB /* RatingElement.swift */,
				44E00E5E2C368B7D003DA7EB /* TrendingDishElement.swift */,
				44E00E602C368B96003DA7EB /* CategoryDishElement.swift */,
				44E00E642C36F34A003DA7EB /* RecentDishElement.swift */,
				922258B12C370A650009A768 /* SearchDishElement.swift */,
				7A5923AB2C3BD7ED00DA0CEF /* FavoriteButton.swift */,
				92BDAEC62C3C0C9D00220902 /* BackButtonView.swift */,
			);
			path = Elements;
			sourceTree = "<group>";
		};
		920A250D2C319602004CAA1A = {
			isa = PBXGroup;
			children = (
				920A25182C319602004CAA1A /* BestRecipes */,
				920A25172C319602004CAA1A /* Products */,
			);
			sourceTree = "<group>";
		};
		920A25172C319602004CAA1A /* Products */ = {
			isa = PBXGroup;
			children = (
				920A25162C319602004CAA1A /* BestRecipes.app */,
			);
			name = Products;
			sourceTree = "<group>";
		};
		920A25182C319602004CAA1A /* BestRecipes */ = {
			isa = PBXGroup;
			children = (
				921B6E8A2C3437B2002E812E /* Info.plist */,
				92AF5A202C31E1960012CAC8 /* Aplication */,
				92AF5A212C31E1C30012CAC8 /* Screens */,
				92AF5A282C31E4260012CAC8 /* Models */,
				92AF5A2A2C31E4770012CAC8 /* Services */,
				92EA88A92C31CE3F00FD3423 /* Extensions */,
				92EA88A82C31CE0500FD3423 /* Resources */,
				920A251F2C319603004CAA1A /* Preview Content */,
			);
			path = BestRecipes;
			sourceTree = "<group>";
		};
		920A251F2C319603004CAA1A /* Preview Content */ = {
			isa = PBXGroup;
			children = (
				920A25202C319603004CAA1A /* Preview Assets.xcassets */,
			);
			path = "Preview Content";
			sourceTree = "<group>";
		};
		922258B32C370AA20009A768 /* SearchView */ = {
			isa = PBXGroup;
			children = (
				922258B42C370ACC0009A768 /* SearchView.swift */,
			);
			path = SearchView;
			sourceTree = "<group>";
		};
		92AF5A202C31E1960012CAC8 /* Aplication */ = {
			isa = PBXGroup;
			children = (
				920A25192C319602004CAA1A /* BestRecipesApp.swift */,
				44E00E4E2C357D39003DA7EB /* MainView.swift */,
			);
			path = Aplication;
			sourceTree = "<group>";
		};
		92AF5A212C31E1C30012CAC8 /* Screens */ = {
			isa = PBXGroup;
			children = (
				4462C34A2C3E920100A31D77 /* ProfileView */,
				4462C3382C3E87A000A31D77 /* AddDishView */,
				44E00E592C368B3E003DA7EB /* Elements */,
				92AF5A222C31E1DE0012CAC8 /* Onboarding */,
				92AF5A232C31E2170012CAC8 /* TabBar */,
				92AF5A242C31E2570012CAC8 /* HomeView */,
				92AF5A252C31E2770012CAC8 /* SavedRecipesView */,
				92AF5A262C31E2A40012CAC8 /* RecipeDetailView */,
				92AF5A272C31E3180012CAC8 /* TrendingNowView */,
				922258B32C370AA20009A768 /* SearchView */,
			);
			path = Screens;
			sourceTree = "<group>";
		};
		92AF5A222C31E1DE0012CAC8 /* Onboarding */ = {
			isa = PBXGroup;
			children = (
				920A251B2C319602004CAA1A /* Onboarding.swift */,
				64B546692C39595B00F959C3 /* StartView.swift */,
			);
			path = Onboarding;
			sourceTree = "<group>";
		};
		92AF5A232C31E2170012CAC8 /* TabBar */ = {
			isa = PBXGroup;
			children = (
				92117AA52C32D59C0010C7B3 /* TabBarView.swift */,
			);
			path = TabBar;
			sourceTree = "<group>";
		};
		92AF5A242C31E2570012CAC8 /* HomeView */ = {
			isa = PBXGroup;
			children = (
				92117AA72C32D5D30010C7B3 /* HomeView.swift */,
			);
			path = HomeView;
			sourceTree = "<group>";
		};
		92AF5A252C31E2770012CAC8 /* SavedRecipesView */ = {
			isa = PBXGroup;
			children = (
				92117AA92C32D6500010C7B3 /* FavoriteRecipesView.swift */,
			);
			path = SavedRecipesView;
			sourceTree = "<group>";
		};
		92AF5A262C31E2A40012CAC8 /* RecipeDetailView */ = {
			isa = PBXGroup;
			children = (
				92117AAB2C32D6E70010C7B3 /* RecipeDetailView.swift */,
				7AE5DF4D2C37BFF60085D36A /* IngridientComponentView.swift */,
			);
			path = RecipeDetailView;
			sourceTree = "<group>";
		};
		92AF5A272C31E3180012CAC8 /* TrendingNowView */ = {
			isa = PBXGroup;
			children = (
				92117AAD2C32D6FC0010C7B3 /* DishesListView.swift */,
				44CD99702C3D5E56009C4C4B /* CuisineListView.swift */,
				44CD99722C3D66CE009C4C4B /* CuisineAllListView.swift */,
			);
			path = TrendingNowView;
			sourceTree = "<group>";
		};
		92AF5A282C31E4260012CAC8 /* Models */ = {
			isa = PBXGroup;
			children = (
				92117AAF2C32D7D90010C7B3 /* ModelData.swift */,
				92117AB12C32D7F80010C7B3 /* DishBigModel.swift */,
				7AB0857B2C343AE800FEF512 /* RecipeDetails.swift */,
				92117AB32C32D8140010C7B3 /* DishSmallModel.swift */,
				44CD996B2C3CF4AE009C4C4B /* DishLightModel.swift */,
			);
			path = Models;
			sourceTree = "<group>";
		};
		92AF5A2A2C31E4770012CAC8 /* Services */ = {
			isa = PBXGroup;
			children = (
				92117AB52C32D8260010C7B3 /* TextData.swift */,
				92117AB72C32D8460010C7B3 /* NetworkServiceAA.swift */,
				92117AB92C32D8680010C7B3 /* URLManager.swift */,
				92117ABB2C32ECE10010C7B3 /* TestView.swift */,
				44E00E622C368BDD003DA7EB /* UserDefaultsService.swift */,
				44CD99692C3A78D1009C4C4B /* CachedAsyncImage.swift */,
			);
			path = Services;
			sourceTree = "<group>";
		};
		92EA88992C31CDB300FD3423 /* Fonts */ = {
			isa = PBXGroup;
			children = (
				92EA889A2C31CDB300FD3423 /* Poppins-Light.ttf */,
				92EA889B2C31CDB300FD3423 /* Poppins-Medium.ttf */,
				92EA889C2C31CDB300FD3423 /* Poppins-ExtraBold.ttf */,
				92EA889D2C31CDB300FD3423 /* Poppins-Regular.ttf */,
				92EA889E2C31CDB300FD3423 /* Poppins-Bold.ttf */,
				92EA889F2C31CDB300FD3423 /* Poppins-Black.ttf */,
				92EA88A02C31CDB300FD3423 /* Poppins-SemiBold.ttf */,
			);
			path = Fonts;
			sourceTree = "<group>";
		};
		92EA88A82C31CE0500FD3423 /* Resources */ = {
			isa = PBXGroup;
			children = (
				920A251D2C319603004CAA1A /* Assets.xcassets */,
			);
			path = Resources;
			sourceTree = "<group>";
		};
		92EA88A92C31CE3F00FD3423 /* Extensions */ = {
			isa = PBXGroup;
			children = (
				92EA88AA2C31CE7D00FD3423 /* Fonts.swift */,
				926E9BDA2C37E2E80060DEB7 /* UIApplication.swift */,
				92EA88AC2C31D5F600FD3423 /* Color+Ext.swift */,
				92EA88992C31CDB300FD3423 /* Fonts */,
			);
			path = Extensions;
			sourceTree = "<group>";
		};
/* End PBXGroup section */

/* Begin PBXNativeTarget section */
		920A25152C319602004CAA1A /* BestRecipes */ = {
			isa = PBXNativeTarget;
			buildConfigurationList = 920A25242C319603004CAA1A /* Build configuration list for PBXNativeTarget "BestRecipes" */;
			buildPhases = (
				920A25122C319602004CAA1A /* Sources */,
				920A25132C319602004CAA1A /* Frameworks */,
				920A25142C319602004CAA1A /* Resources */,
			);
			buildRules = (
			);
			dependencies = (
			);
			name = BestRecipes;
			packageProductDependencies = (
				44CD996E2C3D000C009C4C4B /* SwiftyJSON */,
			);
			productName = BestRecipes;
			productReference = 920A25162C319602004CAA1A /* BestRecipes.app */;
			productType = "com.apple.product-type.application";
		};
/* End PBXNativeTarget section */

/* Begin PBXProject section */
		920A250E2C319602004CAA1A /* Project object */ = {
			isa = PBXProject;
			attributes = {
				BuildIndependentTargetsInParallel = 1;
				LastSwiftUpdateCheck = 1520;
				LastUpgradeCheck = 1520;
				TargetAttributes = {
					920A25152C319602004CAA1A = {
						CreatedOnToolsVersion = 15.2;
					};
				};
			};
			buildConfigurationList = 920A25112C319602004CAA1A /* Build configuration list for PBXProject "BestRecipes" */;
			compatibilityVersion = "Xcode 14.0";
			developmentRegion = en;
			hasScannedForEncodings = 0;
			knownRegions = (
				en,
				Base,
			);
			mainGroup = 920A250D2C319602004CAA1A;
			packageReferences = (
				44CD996D2C3D000C009C4C4B /* XCRemoteSwiftPackageReference "SwiftyJSON" */,
			);
			productRefGroup = 920A25172C319602004CAA1A /* Products */;
			projectDirPath = "";
			projectRoot = "";
			targets = (
				920A25152C319602004CAA1A /* BestRecipes */,
			);
		};
/* End PBXProject section */

/* Begin PBXResourcesBuildPhase section */
		920A25142C319602004CAA1A /* Resources */ = {
			isa = PBXResourcesBuildPhase;
			buildActionMask = 2147483647;
			files = (
				92EA88A62C31CDB300FD3423 /* Poppins-Black.ttf in Resources */,
				920A25212C319603004CAA1A /* Preview Assets.xcassets in Resources */,
				92EA88A32C31CDB300FD3423 /* Poppins-ExtraBold.ttf in Resources */,
				92EA88A52C31CDB300FD3423 /* Poppins-Bold.ttf in Resources */,
				92EA88A22C31CDB300FD3423 /* Poppins-Medium.ttf in Resources */,
				92EA88A42C31CDB300FD3423 /* Poppins-Regular.ttf in Resources */,
				92EA88A72C31CDB300FD3423 /* Poppins-SemiBold.ttf in Resources */,
				92EA88A12C31CDB300FD3423 /* Poppins-Light.ttf in Resources */,
				920A251E2C319603004CAA1A /* Assets.xcassets in Resources */,
			);
			runOnlyForDeploymentPostprocessing = 0;
		};
/* End PBXResourcesBuildPhase section */

/* Begin PBXSourcesBuildPhase section */
		920A25122C319602004CAA1A /* Sources */ = {
			isa = PBXSourcesBuildPhase;
			buildActionMask = 2147483647;
			files = (
				4462C34F2C3E937500A31D77 /* ImagePicker.swift in Sources */,
				4462C34E2C3E937100A31D77 /* ProfileView.swift in Sources */,
				4462C3512C3E987800A31D77 /* AddDishElement.swift in Sources */,
				92117AAA2C32D6500010C7B3 /* FavoriteRecipesView.swift in Sources */,
				44E00E5B2C368B57003DA7EB /* FavoriteElement.swift in Sources */,
				44E00E4F2C357D39003DA7EB /* MainView.swift in Sources */,
				44CD996A2C3A78D1009C4C4B /* CachedAsyncImage.swift in Sources */,
				92117AB42C32D8140010C7B3 /* DishSmallModel.swift in Sources */,
				44E00E632C368BDD003DA7EB /* UserDefaultsService.swift in Sources */,
				44E00E652C36F34A003DA7EB /* RecentDishElement.swift in Sources */,
				7AE5DF4E2C37BFF60085D36A /* IngridientComponentView.swift in Sources */,
				92BDAEC72C3C0C9D00220902 /* BackButtonView.swift in Sources */,
				920A251C2C319602004CAA1A /* Onboarding.swift in Sources */,
				926E9BDB2C37E2E80060DEB7 /* UIApplication.swift in Sources */,
				44E00E5D2C368B66003DA7EB /* RatingElement.swift in Sources */,
				44CD99732C3D66CE009C4C4B /* CuisineAllListView.swift in Sources */,
				92EA88AD2C31D5F600FD3423 /* Color+Ext.swift in Sources */,
				92117ABC2C32ECE10010C7B3 /* TestView.swift in Sources */,
				7AB0857C2C343AE800FEF512 /* RecipeDetails.swift in Sources */,
				92117AB22C32D7F80010C7B3 /* DishBigModel.swift in Sources */,
				92117AAE2C32D6FC0010C7B3 /* DishesListView.swift in Sources */,
				92117AB62C32D8260010C7B3 /* TextData.swift in Sources */,
				4462C33A2C3E87B400A31D77 /* AddDishView.swift in Sources */,
				92EA88AB2C31CE7D00FD3423 /* Fonts.swift in Sources */,
				44CD99712C3D5E56009C4C4B /* CuisineListView.swift in Sources */,
				922258B22C370A650009A768 /* SearchDishElement.swift in Sources */,
				92117ABA2C32D8680010C7B3 /* URLManager.swift in Sources */,
				44CD996C2C3CF4AE009C4C4B /* DishLightModel.swift in Sources */,
				92117AA82C32D5D30010C7B3 /* HomeView.swift in Sources */,
				64B5466A2C39595B00F959C3 /* StartView.swift in Sources */,
				922258B52C370ACC0009A768 /* SearchView.swift in Sources */,
				920A251A2C319602004CAA1A /* BestRecipesApp.swift in Sources */,
				92117AB02C32D7D90010C7B3 /* ModelData.swift in Sources */,
				92117AA62C32D59C0010C7B3 /* TabBarView.swift in Sources */,
				44E00E612C368B96003DA7EB /* CategoryDishElement.swift in Sources */,
				92117AB82C32D8460010C7B3 /* NetworkServiceAA.swift in Sources */,
				7A5923AC2C3BD7ED00DA0CEF /* FavoriteButton.swift in Sources */,
				44E00E5F2C368B7D003DA7EB /* TrendingDishElement.swift in Sources */,
				92117AAC2C32D6E70010C7B3 /* RecipeDetailView.swift in Sources */,
			);
			runOnlyForDeploymentPostprocessing = 0;
		};
/* End PBXSourcesBuildPhase section */

/* Begin XCBuildConfiguration section */
		920A25222C319603004CAA1A /* Debug */ = {
			isa = XCBuildConfiguration;
			buildSettings = {
				ALWAYS_SEARCH_USER_PATHS = NO;
				ASSETCATALOG_COMPILER_GENERATE_SWIFT_ASSET_SYMBOL_EXTENSIONS = YES;
				CLANG_ANALYZER_NONNULL = YES;
				CLANG_ANALYZER_NUMBER_OBJECT_CONVERSION = YES_AGGRESSIVE;
				CLANG_CXX_LANGUAGE_STANDARD = "gnu++20";
				CLANG_ENABLE_MODULES = YES;
				CLANG_ENABLE_OBJC_ARC = YES;
				CLANG_ENABLE_OBJC_WEAK = YES;
				CLANG_WARN_BLOCK_CAPTURE_AUTORELEASING = YES;
				CLANG_WARN_BOOL_CONVERSION = YES;
				CLANG_WARN_COMMA = YES;
				CLANG_WARN_CONSTANT_CONVERSION = YES;
				CLANG_WARN_DEPRECATED_OBJC_IMPLEMENTATIONS = YES;
				CLANG_WARN_DIRECT_OBJC_ISA_USAGE = YES_ERROR;
				CLANG_WARN_DOCUMENTATION_COMMENTS = YES;
				CLANG_WARN_EMPTY_BODY = YES;
				CLANG_WARN_ENUM_CONVERSION = YES;
				CLANG_WARN_INFINITE_RECURSION = YES;
				CLANG_WARN_INT_CONVERSION = YES;
				CLANG_WARN_NON_LITERAL_NULL_CONVERSION = YES;
				CLANG_WARN_OBJC_IMPLICIT_RETAIN_SELF = YES;
				CLANG_WARN_OBJC_LITERAL_CONVERSION = YES;
				CLANG_WARN_OBJC_ROOT_CLASS = YES_ERROR;
				CLANG_WARN_QUOTED_INCLUDE_IN_FRAMEWORK_HEADER = YES;
				CLANG_WARN_RANGE_LOOP_ANALYSIS = YES;
				CLANG_WARN_STRICT_PROTOTYPES = YES;
				CLANG_WARN_SUSPICIOUS_MOVE = YES;
				CLANG_WARN_UNGUARDED_AVAILABILITY = YES_AGGRESSIVE;
				CLANG_WARN_UNREACHABLE_CODE = YES;
				CLANG_WARN__DUPLICATE_METHOD_MATCH = YES;
				COPY_PHASE_STRIP = NO;
				DEBUG_INFORMATION_FORMAT = dwarf;
				ENABLE_STRICT_OBJC_MSGSEND = YES;
				ENABLE_TESTABILITY = YES;
				ENABLE_USER_SCRIPT_SANDBOXING = YES;
				GCC_C_LANGUAGE_STANDARD = gnu17;
				GCC_DYNAMIC_NO_PIC = NO;
				GCC_NO_COMMON_BLOCKS = YES;
				GCC_OPTIMIZATION_LEVEL = 0;
				GCC_PREPROCESSOR_DEFINITIONS = (
					"DEBUG=1",
					"$(inherited)",
				);
				GCC_WARN_64_TO_32_BIT_CONVERSION = YES;
				GCC_WARN_ABOUT_RETURN_TYPE = YES_ERROR;
				GCC_WARN_UNDECLARED_SELECTOR = YES;
				GCC_WARN_UNINITIALIZED_AUTOS = YES_AGGRESSIVE;
				GCC_WARN_UNUSED_FUNCTION = YES;
				GCC_WARN_UNUSED_VARIABLE = YES;
				IPHONEOS_DEPLOYMENT_TARGET = 15.0;
				LOCALIZATION_PREFERS_STRING_CATALOGS = YES;
				MTL_ENABLE_DEBUG_INFO = INCLUDE_SOURCE;
				MTL_FAST_MATH = YES;
				ONLY_ACTIVE_ARCH = YES;
				SDKROOT = iphoneos;
				SWIFT_ACTIVE_COMPILATION_CONDITIONS = "DEBUG $(inherited)";
				SWIFT_OPTIMIZATION_LEVEL = "-Onone";
			};
			name = Debug;
		};
		920A25232C319603004CAA1A /* Release */ = {
			isa = XCBuildConfiguration;
			buildSettings = {
				ALWAYS_SEARCH_USER_PATHS = NO;
				ASSETCATALOG_COMPILER_GENERATE_SWIFT_ASSET_SYMBOL_EXTENSIONS = YES;
				CLANG_ANALYZER_NONNULL = YES;
				CLANG_ANALYZER_NUMBER_OBJECT_CONVERSION = YES_AGGRESSIVE;
				CLANG_CXX_LANGUAGE_STANDARD = "gnu++20";
				CLANG_ENABLE_MODULES = YES;
				CLANG_ENABLE_OBJC_ARC = YES;
				CLANG_ENABLE_OBJC_WEAK = YES;
				CLANG_WARN_BLOCK_CAPTURE_AUTORELEASING = YES;
				CLANG_WARN_BOOL_CONVERSION = YES;
				CLANG_WARN_COMMA = YES;
				CLANG_WARN_CONSTANT_CONVERSION = YES;
				CLANG_WARN_DEPRECATED_OBJC_IMPLEMENTATIONS = YES;
				CLANG_WARN_DIRECT_OBJC_ISA_USAGE = YES_ERROR;
				CLANG_WARN_DOCUMENTATION_COMMENTS = YES;
				CLANG_WARN_EMPTY_BODY = YES;
				CLANG_WARN_ENUM_CONVERSION = YES;
				CLANG_WARN_INFINITE_RECURSION = YES;
				CLANG_WARN_INT_CONVERSION = YES;
				CLANG_WARN_NON_LITERAL_NULL_CONVERSION = YES;
				CLANG_WARN_OBJC_IMPLICIT_RETAIN_SELF = YES;
				CLANG_WARN_OBJC_LITERAL_CONVERSION = YES;
				CLANG_WARN_OBJC_ROOT_CLASS = YES_ERROR;
				CLANG_WARN_QUOTED_INCLUDE_IN_FRAMEWORK_HEADER = YES;
				CLANG_WARN_RANGE_LOOP_ANALYSIS = YES;
				CLANG_WARN_STRICT_PROTOTYPES = YES;
				CLANG_WARN_SUSPICIOUS_MOVE = YES;
				CLANG_WARN_UNGUARDED_AVAILABILITY = YES_AGGRESSIVE;
				CLANG_WARN_UNREACHABLE_CODE = YES;
				CLANG_WARN__DUPLICATE_METHOD_MATCH = YES;
				COPY_PHASE_STRIP = NO;
				DEBUG_INFORMATION_FORMAT = "dwarf-with-dsym";
				ENABLE_NS_ASSERTIONS = NO;
				ENABLE_STRICT_OBJC_MSGSEND = YES;
				ENABLE_USER_SCRIPT_SANDBOXING = YES;
				GCC_C_LANGUAGE_STANDARD = gnu17;
				GCC_NO_COMMON_BLOCKS = YES;
				GCC_WARN_64_TO_32_BIT_CONVERSION = YES;
				GCC_WARN_ABOUT_RETURN_TYPE = YES_ERROR;
				GCC_WARN_UNDECLARED_SELECTOR = YES;
				GCC_WARN_UNINITIALIZED_AUTOS = YES_AGGRESSIVE;
				GCC_WARN_UNUSED_FUNCTION = YES;
				GCC_WARN_UNUSED_VARIABLE = YES;
				IPHONEOS_DEPLOYMENT_TARGET = 15.0;
				LOCALIZATION_PREFERS_STRING_CATALOGS = YES;
				MTL_ENABLE_DEBUG_INFO = NO;
				MTL_FAST_MATH = YES;
				SDKROOT = iphoneos;
				SWIFT_COMPILATION_MODE = wholemodule;
				VALIDATE_PRODUCT = YES;
			};
			name = Release;
		};
		920A25252C319603004CAA1A /* Debug */ = {
			isa = XCBuildConfiguration;
			buildSettings = {
				ASSETCATALOG_COMPILER_APPICON_NAME = AppIcon;
				ASSETCATALOG_COMPILER_GLOBAL_ACCENT_COLOR_NAME = AccentColor;
				CODE_SIGN_STYLE = Automatic;
				CURRENT_PROJECT_VERSION = 1;
				DEVELOPMENT_ASSET_PATHS = "\"BestRecipes/Preview Content\"";
				ENABLE_PREVIEWS = YES;
				GENERATE_INFOPLIST_FILE = YES;
				INFOPLIST_FILE = BestRecipes/Info.plist;
				INFOPLIST_KEY_UIApplicationSceneManifest_Generation = YES;
				INFOPLIST_KEY_UIApplicationSupportsIndirectInputEvents = YES;
				INFOPLIST_KEY_UILaunchScreen_Generation = YES;
				INFOPLIST_KEY_UISupportedInterfaceOrientations_iPad = "UIInterfaceOrientationPortrait UIInterfaceOrientationPortraitUpsideDown UIInterfaceOrientationLandscapeLeft UIInterfaceOrientationLandscapeRight";
				INFOPLIST_KEY_UISupportedInterfaceOrientations_iPhone = "UIInterfaceOrientationPortrait UIInterfaceOrientationLandscapeLeft UIInterfaceOrientationLandscapeRight";
				IPHONEOS_DEPLOYMENT_TARGET = 15.0;
				LD_RUNPATH_SEARCH_PATHS = (
					"$(inherited)",
					"@executable_path/Frameworks",
				);
				MARKETING_VERSION = 1.0;
				PRODUCT_BUNDLE_IDENTIFIER = "Krasnov-Yuri.BestRecipes";
				PRODUCT_NAME = "$(TARGET_NAME)";
				SWIFT_EMIT_LOC_STRINGS = YES;
				SWIFT_VERSION = 5.0;
				TARGETED_DEVICE_FAMILY = "1,2";
			};
			name = Debug;
		};
		920A25262C319603004CAA1A /* Release */ = {
			isa = XCBuildConfiguration;
			buildSettings = {
				ASSETCATALOG_COMPILER_APPICON_NAME = AppIcon;
				ASSETCATALOG_COMPILER_GLOBAL_ACCENT_COLOR_NAME = AccentColor;
				CODE_SIGN_STYLE = Automatic;
				CURRENT_PROJECT_VERSION = 1;
				DEVELOPMENT_ASSET_PATHS = "\"BestRecipes/Preview Content\"";
				ENABLE_PREVIEWS = YES;
				GENERATE_INFOPLIST_FILE = YES;
				INFOPLIST_FILE = BestRecipes/Info.plist;
				INFOPLIST_KEY_UIApplicationSceneManifest_Generation = YES;
				INFOPLIST_KEY_UIApplicationSupportsIndirectInputEvents = YES;
				INFOPLIST_KEY_UILaunchScreen_Generation = YES;
				INFOPLIST_KEY_UISupportedInterfaceOrientations_iPad = "UIInterfaceOrientationPortrait UIInterfaceOrientationPortraitUpsideDown UIInterfaceOrientationLandscapeLeft UIInterfaceOrientationLandscapeRight";
				INFOPLIST_KEY_UISupportedInterfaceOrientations_iPhone = "UIInterfaceOrientationPortrait UIInterfaceOrientationLandscapeLeft UIInterfaceOrientationLandscapeRight";
				IPHONEOS_DEPLOYMENT_TARGET = 15.0;
				LD_RUNPATH_SEARCH_PATHS = (
					"$(inherited)",
					"@executable_path/Frameworks",
				);
				MARKETING_VERSION = 1.0;
				PRODUCT_BUNDLE_IDENTIFIER = "Krasnov-Yuri.BestRecipes";
				PRODUCT_NAME = "$(TARGET_NAME)";
				SWIFT_EMIT_LOC_STRINGS = YES;
				SWIFT_VERSION = 5.0;
				TARGETED_DEVICE_FAMILY = "1,2";
			};
			name = Release;
		};
/* End XCBuildConfiguration section */

/* Begin XCConfigurationList section */
		920A25112C319602004CAA1A /* Build configuration list for PBXProject "BestRecipes" */ = {
			isa = XCConfigurationList;
			buildConfigurations = (
				920A25222C319603004CAA1A /* Debug */,
				920A25232C319603004CAA1A /* Release */,
			);
			defaultConfigurationIsVisible = 0;
			defaultConfigurationName = Release;
		};
		920A25242C319603004CAA1A /* Build configuration list for PBXNativeTarget "BestRecipes" */ = {
			isa = XCConfigurationList;
			buildConfigurations = (
				920A25252C319603004CAA1A /* Debug */,
				920A25262C319603004CAA1A /* Release */,
			);
			defaultConfigurationIsVisible = 0;
			defaultConfigurationName = Release;
		};
/* End XCConfigurationList section */

/* Begin XCRemoteSwiftPackageReference section */
		44CD996D2C3D000C009C4C4B /* XCRemoteSwiftPackageReference "SwiftyJSON" */ = {
			isa = XCRemoteSwiftPackageReference;
			repositoryURL = "https://github.com/SwiftyJSON/SwiftyJSON.git";
			requirement = {
				kind = upToNextMajorVersion;
				minimumVersion = 5.0.2;
			};
		};
/* End XCRemoteSwiftPackageReference section */

/* Begin XCSwiftPackageProductDependency section */
		44CD996E2C3D000C009C4C4B /* SwiftyJSON */ = {
			isa = XCSwiftPackageProductDependency;
			package = 44CD996D2C3D000C009C4C4B /* XCRemoteSwiftPackageReference "SwiftyJSON" */;
			productName = SwiftyJSON;
		};
/* End XCSwiftPackageProductDependency section */
	};
	rootObject = 920A250E2C319602004CAA1A /* Project object */;
}
